
Microsoft Visual Studio Solution File, Format Version 12.00
# Visual Studio Version 17
VisualStudioVersion = 17.3.32929.385
MinimumVisualStudioVersion = 10.0.40219.1
Project("{FAE04EC0-301F-11D3-BF4B-00C04F79EFBC}") = "FinalProject", "FinalProject\FinalProject.csproj", "{756ED0B9-87CD-42E5-971C-3A94E6ACBE77}"
EndProject
Global
	GlobalSection(SolutionConfigurationPlatforms) = preSolution
		Debug|Any CPU = Debug|Any CPU
		Release|Any CPU = Release|Any CPU
	EndGlobalSection
	GlobalSection(ProjectConfigurationPlatforms) = postSolution
		{756ED0B9-87CD-42E5-971C-3A94E6ACBE77}.Debug|Any CPU.ActiveCfg = Debug|Any CPU
		{756ED0B9-87CD-42E5-971C-3A94E6ACBE77}.Debug|Any CPU.Build.0 = Debug|Any CPU
		{756ED0B9-87CD-42E5-971C-3A94E6ACBE77}.Release|Any CPU.ActiveCfg = Release|Any CPU
		{756ED0B9-87CD-42E5-971C-3A94E6ACBE77}.Release|Any CPU.Build.0 = Release|Any CPU
	EndGlobalSection
	GlobalSection(SolutionProperties) = preSolution
		HideSolutionNode = FALSE
	EndGlobalSection
	GlobalSection(ExtensibilityGlobals) = postSolution
		SolutionGuid = {0017C1A2-6F64-4BE6-BE5A-DDA086AE3583}
	EndGlobalSection
EndGlobal
